
Microsoft Visual Studio Solution File, Format Version 12.00
# Visual Studio Version 17
VisualStudioVersion = 17.3.32819.101
MinimumVisualStudioVersion = 10.0.40219.1
Project("{FAE04EC0-301F-11D3-BF4B-00C04F79EFBC}") = "TASK3", "TASK3\TASK3.csproj", "{03B2775D-15D0-4FE4-A300-502B146B5B45}"
EndProject
Global
	GlobalSection(SolutionConfigurationPlatforms) = preSolution
		Debug|Any CPU = Debug|Any CPU
		Release|Any CPU = Release|Any CPU
	EndGlobalSection
	GlobalSection(ProjectConfigurationPlatforms) = postSolution
		{03B2775D-15D0-4FE4-A300-502B146B5B45}.Debug|Any CPU.ActiveCfg = Debug|Any CPU
		{03B2775D-15D0-4FE4-A300-502B146B5B45}.Debug|Any CPU.Build.0 = Debug|Any CPU
		{03B2775D-15D0-4FE4-A300-502B146B5B45}.Release|Any CPU.ActiveCfg = Release|Any CPU
		{03B2775D-15D0-4FE4-A300-502B146B5B45}.Release|Any CPU.Build.0 = Release|Any CPU
	EndGlobalSection
	GlobalSection(SolutionProperties) = preSolution
		HideSolutionNode = FALSE
	EndGlobalSection
	GlobalSection(ExtensibilityGlobals) = postSolution
		SolutionGuid = {CB55B4E5-336A-4963-A4F0-B72A8611E438}
	EndGlobalSection
EndGlobal
